
Microsoft Visual Studio Solution File, Format Version 12.00
# Visual Studio Version 16
VisualStudioVersion = 16.0.36422.26
MinimumVisualStudioVersion = 10.0.40219.1
Project("{FAE04EC0-301F-11D3-BF4B-00C04F79EFBC}") = "Flyweight", "Flyweight.csproj", "{DA387167-9597-48FE-BD30-9CBAECB57F02}"
EndProject
Global
	GlobalSection(SolutionConfigurationPlatforms) = preSolution
		Debug|Any CPU = Debug|Any CPU
		Release|Any CPU = Release|Any CPU
	EndGlobalSection
	GlobalSection(ProjectConfigurationPlatforms) = postSolution
		{DA387167-9597-48FE-BD30-9CBAECB57F02}.Debug|Any CPU.ActiveCfg = Debug|Any CPU
		{DA387167-9597-48FE-BD30-9CBAECB57F02}.Debug|Any CPU.Build.0 = Debug|Any CPU
		{DA387167-9597-48FE-BD30-9CBAECB57F02}.Release|Any CPU.ActiveCfg = Release|Any CPU
		{DA387167-9597-48FE-BD30-9CBAECB57F02}.Release|Any CPU.Build.0 = Release|Any CPU
	EndGlobalSection
	GlobalSection(SolutionProperties) = preSolution
		HideSolutionNode = FALSE
	EndGlobalSection
	GlobalSection(ExtensibilityGlobals) = postSolution
		SolutionGuid = {9D54EB37-1835-46D9-91D1-43E961EEA64D}
	EndGlobalSection
EndGlobal
